
Microsoft Visual Studio Solution File, Format Version 12.00
Project("{FAE04EC0-301F-11D3-BF4B-00C04F79EFBC}") = "DiscordBot", "DiscordBot/DiscordBot.csproj", "{62D11ACF-0BBF-436C-A9E8-316AD6773CB3}"
EndProject
Project("{FAE04EC0-301F-11D3-BF4B-00C04F79EFBC}") = "CustomPlaylistFormat", "CustomPlaylistFormat\CustomPlaylistFormat.csproj", "{A1832F21-457B-4310-9E31-F99B06E16516}"
EndProject
Project("{FAE04EC0-301F-11D3-BF4B-00C04F79EFBC}") = "PlaylistThumbnailGenerator", "PlaylistThumbnailGenerator\PlaylistThumbnailGenerator.csproj", "{91A54730-CE6F-4451-B473-DB94F4FA3506}"
EndProject
Project("{FAE04EC0-301F-11D3-BF4B-00C04F79EFBC}") = "TestingApp", "TestingApp\TestingApp.csproj", "{5893EC60-7C6B-4239-992D-154CD230DD32}"
EndProject
Project("{FAE04EC0-301F-11D3-BF4B-00C04F79EFBC}") = "TestingAPI", "TestingAPI\TestingAPI.csproj", "{66867527-1D21-4B89-8ACA-A048839BAE39}"
EndProject
Global
	GlobalSection(SolutionConfigurationPlatforms) = preSolution
		Debug|Any CPU = Debug|Any CPU
		Release|Any CPU = Release|Any CPU
	EndGlobalSection
	GlobalSection(ProjectConfigurationPlatforms) = postSolution
		{62D11ACF-0BBF-436C-A9E8-316AD6773CB3}.Release|Any CPU.ActiveCfg = Release|Any CPU
		{62D11ACF-0BBF-436C-A9E8-316AD6773CB3}.Release|Any CPU.Build.0 = Release|Any CPU
		{62D11ACF-0BBF-436C-A9E8-316AD6773CB3}.Debug|Any CPU.ActiveCfg = Release|Any CPU
		{62D11ACF-0BBF-436C-A9E8-316AD6773CB3}.Debug|Any CPU.Build.0 = Release|Any CPU
		{A1832F21-457B-4310-9E31-F99B06E16516}.Debug|Any CPU.ActiveCfg = Debug|Any CPU
		{A1832F21-457B-4310-9E31-F99B06E16516}.Debug|Any CPU.Build.0 = Debug|Any CPU
		{A1832F21-457B-4310-9E31-F99B06E16516}.Release|Any CPU.ActiveCfg = Release|Any CPU
		{A1832F21-457B-4310-9E31-F99B06E16516}.Release|Any CPU.Build.0 = Release|Any CPU
		{91A54730-CE6F-4451-B473-DB94F4FA3506}.Debug|Any CPU.ActiveCfg = Debug|Any CPU
		{91A54730-CE6F-4451-B473-DB94F4FA3506}.Debug|Any CPU.Build.0 = Debug|Any CPU
		{91A54730-CE6F-4451-B473-DB94F4FA3506}.Release|Any CPU.ActiveCfg = Release|Any CPU
		{91A54730-CE6F-4451-B473-DB94F4FA3506}.Release|Any CPU.Build.0 = Release|Any CPU
		{5893EC60-7C6B-4239-992D-154CD230DD32}.Debug|Any CPU.ActiveCfg = Debug|Any CPU
		{5893EC60-7C6B-4239-992D-154CD230DD32}.Debug|Any CPU.Build.0 = Debug|Any CPU
		{5893EC60-7C6B-4239-992D-154CD230DD32}.Release|Any CPU.ActiveCfg = Release|Any CPU
		{5893EC60-7C6B-4239-992D-154CD230DD32}.Release|Any CPU.Build.0 = Release|Any CPU
		{66867527-1D21-4B89-8ACA-A048839BAE39}.Debug|Any CPU.ActiveCfg = Debug|Any CPU
		{66867527-1D21-4B89-8ACA-A048839BAE39}.Debug|Any CPU.Build.0 = Debug|Any CPU
		{66867527-1D21-4B89-8ACA-A048839BAE39}.Release|Any CPU.ActiveCfg = Release|Any CPU
		{66867527-1D21-4B89-8ACA-A048839BAE39}.Release|Any CPU.Build.0 = Release|Any CPU
	EndGlobalSection
EndGlobal
